<?xml version="1.0" encoding="UTF-8"?>
<!DOCTYPE plist PUBLIC "-//Apple//DTD PLIST 1.0//EN" "http://www.apple.com/DTDs/PropertyList-1.0.dtd">
<plist version="1.0">
<dict>
	<key>archiveVersion</key>
	<string>1</string>
	<key>classes</key>
	<dict/>
	<key>objectVersion</key>
	<string>46</string>
	<key>objects</key>
	<dict>
		<key>12F550DC8F0B82A26B8BEC27</key>
		<dict>
			<key>buildActionMask</key>
			<string>2147483647</string>
			<key>files</key>
			<array/>
			<key>inputPaths</key>
			<array/>
			<key>isa</key>
			<string>PBXShellScriptBuildPhase</string>
			<key>name</key>
			<string>Embed Pods Frameworks</string>
			<key>outputPaths</key>
			<array/>
			<key>runOnlyForDeploymentPostprocessing</key>
			<string>0</string>
			<key>shellPath</key>
			<string>/bin/sh</string>
			<key>shellScript</key>
			<string>"${SRCROOT}/Pods/Target Support Files/Pods/Pods-frameworks.sh"
</string>
			<key>showEnvVarsInLog</key>
			<string>0</string>
		</dict>
		<key>24DA2BDA99403104BA561D9F</key>
		<dict>
			<key>buildActionMask</key>
			<string>2147483647</string>
			<key>files</key>
			<array/>
			<key>inputPaths</key>
			<array/>
			<key>isa</key>
			<string>PBXShellScriptBuildPhase</string>
			<key>name</key>
			<string>Check Pods Manifest.lock</string>
			<key>outputPaths</key>
			<array/>
			<key>runOnlyForDeploymentPostprocessing</key>
			<string>0</string>
			<key>shellPath</key>
			<string>/bin/sh</string>
			<key>shellScript</key>
			<string>diff "${PODS_ROOT}/../Podfile.lock" "${PODS_ROOT}/Manifest.lock" &gt; /dev/null
if [[ $? != 0 ]] ; then
    cat &lt;&lt; EOM
error: The sandbox is not in sync with the Podfile.lock. Run 'pod install' or update your CocoaPods installation.
EOM
    exit 1
fi
</string>
			<key>showEnvVarsInLog</key>
			<string>0</string>
		</dict>
		<key>5168D46D36B6A07A1DD20115</key>
		<dict>
			<key>fileRef</key>
			<string>65FD86BFA184D9E41F89A424</string>
			<key>isa</key>
			<string>PBXBuildFile</string>
		</dict>
		<key>5E6BC4C93BE9EF335A2B655C</key>
		<dict>
			<key>buildActionMask</key>
			<string>2147483647</string>
			<key>files</key>
			<array/>
			<key>inputPaths</key>
			<array/>
			<key>isa</key>
			<string>PBXShellScriptBuildPhase</string>
			<key>name</key>
			<string>Copy Pods Resources</string>
			<key>outputPaths</key>
			<array/>
			<key>runOnlyForDeploymentPostprocessing</key>
			<string>0</string>
			<key>shellPath</key>
			<string>/bin/sh</string>
			<key>shellScript</key>
			<string>"${SRCROOT}/Pods/Target Support Files/Pods/Pods-resources.sh"
</string>
			<key>showEnvVarsInLog</key>
			<string>0</string>
		</dict>
		<key>65FD86BFA184D9E41F89A424</key>
		<dict>
			<key>explicitFileType</key>
			<string>wrapper.framework</string>
			<key>includeInIndex</key>
			<string>0</string>
			<key>isa</key>
			<string>PBXFileReference</string>
			<key>path</key>
			<string>Pods.framework</string>
			<key>sourceTree</key>
			<string>BUILT_PRODUCTS_DIR</string>
		</dict>
		<key>9C3527203B9C5229758B052B</key>
		<dict>
			<key>children</key>
			<array>
				<string>65FD86BFA184D9E41F89A424</string>
			</array>
			<key>isa</key>
			<string>PBXGroup</string>
			<key>name</key>
			<string>Frameworks</string>
			<key>sourceTree</key>
			<string>&lt;group&gt;</string>
		</dict>
		<key>A482029881D79445C6233139</key>
		<dict>
			<key>children</key>
			<array>
				<string>CDDBB6B4D935FCEEED713D50</string>
				<string>E6EE6E813722E612DE1814A4</string>
			</array>
			<key>isa</key>
			<string>PBXGroup</string>
			<key>name</key>
			<string>Pods</string>
			<key>sourceTree</key>
			<string>&lt;group&gt;</string>
		</dict>
		<key>CDDBB6B4D935FCEEED713D50</key>
		<dict>
			<key>includeInIndex</key>
			<string>1</string>
			<key>isa</key>
			<string>PBXFileReference</string>
			<key>lastKnownFileType</key>
			<string>text.xcconfig</string>
			<key>name</key>
			<string>Pods.debug.xcconfig</string>
			<key>path</key>
			<string>Pods/Target Support Files/Pods/Pods.debug.xcconfig</string>
			<key>sourceTree</key>
			<string>&lt;group&gt;</string>
		</dict>
		<key>E6EE6E813722E612DE1814A4</key>
		<dict>
			<key>includeInIndex</key>
			<string>1</string>
			<key>isa</key>
			<string>PBXFileReference</string>
			<key>lastKnownFileType</key>
			<string>text.xcconfig</string>
			<key>name</key>
			<string>Pods.release.xcconfig</string>
			<key>path</key>
			<string>Pods/Target Support Files/Pods/Pods.release.xcconfig</string>
			<key>sourceTree</key>
			<string>&lt;group&gt;</string>
		</dict>
		<key>EF153B0C1CB4F22800670498</key>
		<dict>
			<key>children</key>
			<array>
				<string>EF153B0D1CB4F22800670498</string>
				<string>EF153B0E1CB4F22800670498</string>
				<string>EF153B0F1CB4F22800670498</string>
			</array>
			<key>isa</key>
			<string>PBXGroup</string>
			<key>path</key>
			<string>content</string>
			<key>sourceTree</key>
			<string>&lt;group&gt;</string>
		</dict>
		<key>EF153B0D1CB4F22800670498</key>
		<dict>
			<key>children</key>
			<array>
				<string>EF153B1C1CB5180B00670498</string>
				<string>EF153B1E1CB5210400670498</string>
				<string>EF153B201CB5212100670498</string>
			</array>
			<key>isa</key>
			<string>PBXGroup</string>
			<key>path</key>
			<string>controller</string>
			<key>sourceTree</key>
			<string>&lt;group&gt;</string>
		</dict>
		<key>EF153B0E1CB4F22800670498</key>
		<dict>
			<key>children</key>
			<array/>
			<key>isa</key>
			<string>PBXGroup</string>
			<key>path</key>
			<string>modle</string>
			<key>sourceTree</key>
			<string>&lt;group&gt;</string>
		</dict>
		<key>EF153B0F1CB4F22800670498</key>
		<dict>
			<key>children</key>
			<array>
				<string>EF153B101CB5015200670498</string>
				<string>EF153B111CB5015200670498</string>
				<string>EF153B181CB5039500670498</string>
				<string>EF153B191CB5039500670498</string>
			</array>
			<key>isa</key>
			<string>PBXGroup</string>
			<key>path</key>
			<string>view</string>
			<key>sourceTree</key>
			<string>&lt;group&gt;</string>
		</dict>
		<key>EF153B101CB5015200670498</key>
		<dict>
			<key>fileEncoding</key>
			<string>4</string>
			<key>isa</key>
			<string>PBXFileReference</string>
			<key>lastKnownFileType</key>
			<string>sourcecode.swift</string>
			<key>path</key>
			<string>MyHeadCell.swift</string>
			<key>sourceTree</key>
			<string>&lt;group&gt;</string>
		</dict>
		<key>EF153B111CB5015200670498</key>
		<dict>
			<key>fileEncoding</key>
			<string>4</string>
			<key>isa</key>
			<string>PBXFileReference</string>
			<key>lastKnownFileType</key>
			<string>file.xib</string>
			<key>path</key>
			<string>MyHeadCell.xib</string>
			<key>sourceTree</key>
			<string>&lt;group&gt;</string>
		</dict>
		<key>EF153B121CB5015200670498</key>
		<dict>
			<key>fileRef</key>
			<string>EF153B101CB5015200670498</string>
			<key>isa</key>
			<string>PBXBuildFile</string>
		</dict>
		<key>EF153B131CB5015200670498</key>
		<dict>
			<key>fileRef</key>
			<string>EF153B111CB5015200670498</string>
			<key>isa</key>
			<string>PBXBuildFile</string>
		</dict>
		<key>EF153B181CB5039500670498</key>
		<dict>
			<key>fileEncoding</key>
			<string>4</string>
			<key>isa</key>
			<string>PBXFileReference</string>
			<key>lastKnownFileType</key>
			<string>sourcecode.swift</string>
			<key>path</key>
			<string>MyOtherCell.swift</string>
			<key>sourceTree</key>
			<string>&lt;group&gt;</string>
		</dict>
		<key>EF153B191CB5039500670498</key>
		<dict>
			<key>fileEncoding</key>
			<string>4</string>
			<key>isa</key>
			<string>PBXFileReference</string>
			<key>lastKnownFileType</key>
			<string>file.xib</string>
			<key>path</key>
			<string>MyOtherCell.xib</string>
			<key>sourceTree</key>
			<string>&lt;group&gt;</string>
		</dict>
		<key>EF153B1A1CB5039500670498</key>
		<dict>
			<key>fileRef</key>
			<string>EF153B181CB5039500670498</string>
			<key>isa</key>
			<string>PBXBuildFile</string>
		</dict>
		<key>EF153B1B1CB5039500670498</key>
		<dict>
			<key>fileRef</key>
			<string>EF153B191CB5039500670498</string>
			<key>isa</key>
			<string>PBXBuildFile</string>
		</dict>
		<key>EF153B1C1CB5180B00670498</key>
		<dict>
			<key>fileEncoding</key>
			<string>4</string>
			<key>isa</key>
			<string>PBXFileReference</string>
			<key>lastKnownFileType</key>
			<string>sourcecode.swift</string>
			<key>path</key>
			<string>SettingVC.swift</string>
			<key>sourceTree</key>
			<string>&lt;group&gt;</string>
		</dict>
		<key>EF153B1D1CB5180B00670498</key>
		<dict>
			<key>fileRef</key>
			<string>EF153B1C1CB5180B00670498</string>
			<key>isa</key>
			<string>PBXBuildFile</string>
		</dict>
		<key>EF153B1E1CB5210400670498</key>
		<dict>
			<key>fileEncoding</key>
			<string>4</string>
			<key>isa</key>
			<string>PBXFileReference</string>
			<key>lastKnownFileType</key>
			<string>sourcecode.swift</string>
			<key>path</key>
			<string>SignatureVC.swift</string>
			<key>sourceTree</key>
			<string>&lt;group&gt;</string>
		</dict>
		<key>EF153B1F1CB5210400670498</key>
		<dict>
			<key>fileRef</key>
			<string>EF153B1E1CB5210400670498</string>
			<key>isa</key>
			<string>PBXBuildFile</string>
		</dict>
		<key>EF153B201CB5212100670498</key>
		<dict>
			<key>fileEncoding</key>
			<string>4</string>
			<key>isa</key>
			<string>PBXFileReference</string>
			<key>lastKnownFileType</key>
			<string>sourcecode.swift</string>
			<key>path</key>
			<string>ResetPasswordVC.swift</string>
			<key>sourceTree</key>
			<string>&lt;group&gt;</string>
		</dict>
		<key>EF153B211CB5212100670498</key>
		<dict>
			<key>fileRef</key>
			<string>EF153B201CB5212100670498</string>
			<key>isa</key>
			<string>PBXBuildFile</string>
		</dict>
		<key>EFC349BC1CB4AA9B001FD0B4</key>
		<dict>
			<key>children</key>
			<array>
				<string>EFC349BD1CB4AA9B001FD0B4</string>
				<string>EFC349BE1CB4AA9B001FD0B4</string>
				<string>EFC349BF1CB4AA9B001FD0B4</string>
			</array>
			<key>isa</key>
			<string>PBXGroup</string>
			<key>path</key>
			<string>content</string>
			<key>sourceTree</key>
			<string>&lt;group&gt;</string>
		</dict>
		<key>EFC349BD1CB4AA9B001FD0B4</key>
		<dict>
			<key>children</key>
			<array/>
			<key>isa</key>
			<string>PBXGroup</string>
			<key>path</key>
			<string>controller</string>
			<key>sourceTree</key>
			<string>&lt;group&gt;</string>
		</dict>
		<key>EFC349BE1CB4AA9B001FD0B4</key>
		<dict>
			<key>children</key>
			<array/>
			<key>isa</key>
			<string>PBXGroup</string>
			<key>path</key>
			<string>modle</string>
			<key>sourceTree</key>
			<string>&lt;group&gt;</string>
		</dict>
		<key>EFC349BF1CB4AA9B001FD0B4</key>
		<dict>
			<key>children</key>
			<array>
				<string>EFC349C01CB4AAFC001FD0B4</string>
				<string>EFC349C11CB4AAFC001FD0B4</string>
				<string>EFC349C41CB4B1CE001FD0B4</string>
				<string>EFC349C51CB4B1CE001FD0B4</string>
			</array>
			<key>isa</key>
			<string>PBXGroup</string>
			<key>path</key>
			<string>view</string>
			<key>sourceTree</key>
			<string>&lt;group&gt;</string>
		</dict>
		<key>EFC349C01CB4AAFC001FD0B4</key>
		<dict>
			<key>fileEncoding</key>
			<string>4</string>
			<key>isa</key>
			<string>PBXFileReference</string>
			<key>lastKnownFileType</key>
			<string>sourcecode.swift</string>
			<key>path</key>
			<string>HeadCell.swift</string>
			<key>sourceTree</key>
			<string>&lt;group&gt;</string>
		</dict>
		<key>EFC349C11CB4AAFC001FD0B4</key>
		<dict>
			<key>fileEncoding</key>
			<string>4</string>
			<key>isa</key>
			<string>PBXFileReference</string>
			<key>lastKnownFileType</key>
			<string>file.xib</string>
			<key>path</key>
			<string>HeadCell.xib</string>
			<key>sourceTree</key>
			<string>&lt;group&gt;</string>
		</dict>
		<key>EFC349C21CB4AAFC001FD0B4</key>
		<dict>
			<key>fileRef</key>
			<string>EFC349C01CB4AAFC001FD0B4</string>
			<key>isa</key>
			<string>PBXBuildFile</string>
		</dict>
		<key>EFC349C31CB4AAFC001FD0B4</key>
		<dict>
			<key>fileRef</key>
			<string>EFC349C11CB4AAFC001FD0B4</string>
			<key>isa</key>
			<string>PBXBuildFile</string>
		</dict>
		<key>EFC349C41CB4B1CE001FD0B4</key>
		<dict>
			<key>fileEncoding</key>
			<string>4</string>
			<key>isa</key>
			<string>PBXFileReference</string>
			<key>lastKnownFileType</key>
			<string>sourcecode.swift</string>
			<key>path</key>
			<string>FullImageCell.swift</string>
			<key>sourceTree</key>
			<string>&lt;group&gt;</string>
		</dict>
		<key>EFC349C51CB4B1CE001FD0B4</key>
		<dict>
			<key>fileEncoding</key>
			<string>4</string>
			<key>isa</key>
			<string>PBXFileReference</string>
			<key>lastKnownFileType</key>
			<string>file.xib</string>
			<key>path</key>
			<string>FullImageCell.xib</string>
			<key>sourceTree</key>
			<string>&lt;group&gt;</string>
		</dict>
		<key>EFC349C61CB4B1CE001FD0B4</key>
		<dict>
			<key>fileRef</key>
			<string>EFC349C41CB4B1CE001FD0B4</string>
			<key>isa</key>
			<string>PBXBuildFile</string>
		</dict>
		<key>EFC349C71CB4B1CE001FD0B4</key>
		<dict>
			<key>fileRef</key>
			<string>EFC349C51CB4B1CE001FD0B4</string>
			<key>isa</key>
			<string>PBXBuildFile</string>
		</dict>
		<key>EFCBF4FD1CB74F3E0068F466</key>
		<dict>
			<key>fileEncoding</key>
			<string>4</string>
			<key>isa</key>
			<string>PBXFileReference</string>
			<key>lastKnownFileType</key>
			<string>sourcecode.swift</string>
			<key>path</key>
			<string>YHAPI.swift</string>
			<key>sourceTree</key>
			<string>&lt;group&gt;</string>
		</dict>
		<key>EFCBF4FE1CB74F3E0068F466</key>
		<dict>
			<key>fileRef</key>
			<string>EFCBF4FD1CB74F3E0068F466</string>
			<key>isa</key>
			<string>PBXBuildFile</string>
		</dict>
		<key>EFF028541CB65C8300AEFD03</key>
		<dict>
			<key>fileEncoding</key>
			<string>4</string>
			<key>isa</key>
			<string>PBXFileReference</string>
			<key>lastKnownFileType</key>
			<string>sourcecode.swift</string>
			<key>path</key>
			<string>YHAFManager.swift</string>
			<key>sourceTree</key>
			<string>&lt;group&gt;</string>
		</dict>
		<key>EFF028551CB65C8300AEFD03</key>
		<dict>
			<key>fileRef</key>
			<string>EFF028541CB65C8300AEFD03</string>
			<key>isa</key>
			<string>PBXBuildFile</string>
		</dict>
		<key>EFF5DDD01CB35AC300EAA108</key>
		<dict>
			<key>children</key>
			<array>
				<string>EFF5DDDB1CB35AC300EAA108</string>
				<string>EFF5DDF01CB35AC300EAA108</string>
				<string>EFF5DDFB1CB35AC300EAA108</string>
				<string>EFF5DDDA1CB35AC300EAA108</string>
				<string>A482029881D79445C6233139</string>
				<string>9C3527203B9C5229758B052B</string>
			</array>
			<key>isa</key>
			<string>PBXGroup</string>
			<key>sourceTree</key>
			<string>&lt;group&gt;</string>
		</dict>
		<key>EFF5DDD11CB35AC300EAA108</key>
		<dict>
			<key>attributes</key>
			<dict>
				<key>LastSwiftUpdateCheck</key>
				<string>0730</string>
				<key>LastUpgradeCheck</key>
				<string>0730</string>
				<key>ORGANIZATIONNAME</key>
				<string>squallmouse</string>
				<key>TargetAttributes</key>
				<dict>
					<key>EFF5DDD81CB35AC300EAA108</key>
					<dict>
						<key>CreatedOnToolsVersion</key>
						<string>7.3</string>
					</dict>
					<key>EFF5DDEC1CB35AC300EAA108</key>
					<dict>
						<key>CreatedOnToolsVersion</key>
						<string>7.3</string>
						<key>TestTargetID</key>
						<string>EFF5DDD81CB35AC300EAA108</string>
					</dict>
					<key>EFF5DDF71CB35AC300EAA108</key>
					<dict>
						<key>CreatedOnToolsVersion</key>
						<string>7.3</string>
						<key>TestTargetID</key>
						<string>EFF5DDD81CB35AC300EAA108</string>
					</dict>
				</dict>
			</dict>
			<key>buildConfigurationList</key>
			<string>EFF5DDD41CB35AC300EAA108</string>
			<key>compatibilityVersion</key>
			<string>Xcode 3.2</string>
			<key>developmentRegion</key>
			<string>English</string>
			<key>hasScannedForEncodings</key>
			<string>0</string>
			<key>isa</key>
			<string>PBXProject</string>
			<key>knownRegions</key>
			<array>
				<string>en</string>
				<string>Base</string>
			</array>
			<key>mainGroup</key>
			<string>EFF5DDD01CB35AC300EAA108</string>
			<key>productRefGroup</key>
			<string>EFF5DDDA1CB35AC300EAA108</string>
			<key>projectDirPath</key>
			<string></string>
			<key>projectReferences</key>
			<array/>
			<key>projectRoot</key>
			<string></string>
			<key>targets</key>
			<array>
				<string>EFF5DDD81CB35AC300EAA108</string>
				<string>EFF5DDEC1CB35AC300EAA108</string>
				<string>EFF5DDF71CB35AC300EAA108</string>
			</array>
		</dict>
		<key>EFF5DDD41CB35AC300EAA108</key>
		<dict>
			<key>buildConfigurations</key>
			<array>
				<string>EFF5DDFF1CB35AC300EAA108</string>
				<string>EFF5DE001CB35AC300EAA108</string>
			</array>
			<key>defaultConfigurationIsVisible</key>
			<string>0</string>
			<key>defaultConfigurationName</key>
			<string>Release</string>
			<key>isa</key>
			<string>XCConfigurationList</string>
		</dict>
		<key>EFF5DDD51CB35AC300EAA108</key>
		<dict>
			<key>buildActionMask</key>
			<string>2147483647</string>
			<key>files</key>
			<array>
				<string>EFC349C61CB4B1CE001FD0B4</string>
				<string>EFF5DE331CB3B2FC00EAA108</string>
				<string>EFF5DE3F1CB3B57100EAA108</string>
				<string>EFF5DE2B1CB398F800EAA108</string>
				<string>EFF5DE371CB3B31A00EAA108</string>
				<string>EFF5DE151CB35D5200EAA108</string>
				<string>EFF5DE421CB3B8EB00EAA108</string>
				<string>EFF028551CB65C8300AEFD03</string>
				<string>EF153B1F1CB5210400670498</string>
				<string>EF153B1D1CB5180B00670498</string>
				<string>EF153B211CB5212100670498</string>
				<string>EFF5DE2F1CB3B25700EAA108</string>
				<string>EF153B121CB5015200670498</string>
				<string>EFCBF4FE1CB74F3E0068F466</string>
				<string>EFF5DE351CB3B30A00EAA108</string>
				<string>EFF5DDDD1CB35AC300EAA108</string>
				<string>EFF5DE311CB3B2ED00EAA108</string>
				<string>EF153B1A1CB5039500670498</string>
				<string>EFC349C21CB4AAFC001FD0B4</string>
			</array>
			<key>isa</key>
			<string>PBXSourcesBuildPhase</string>
			<key>runOnlyForDeploymentPostprocessing</key>
			<string>0</string>
		</dict>
		<key>EFF5DDD61CB35AC300EAA108</key>
		<dict>
			<key>buildActionMask</key>
			<string>2147483647</string>
			<key>files</key>
			<array>
				<string>5168D46D36B6A07A1DD20115</string>
			</array>
			<key>isa</key>
			<string>PBXFrameworksBuildPhase</string>
			<key>runOnlyForDeploymentPostprocessing</key>
			<string>0</string>
		</dict>
		<key>EFF5DDD71CB35AC300EAA108</key>
		<dict>
			<key>buildActionMask</key>
			<string>2147483647</string>
			<key>files</key>
			<array>
				<string>EFF5DE251CB396BD00EAA108</string>
				<string>EFF5DDE71CB35AC300EAA108</string>
				<string>EFF5DDE41CB35AC300EAA108</string>
				<string>EF153B1B1CB5039500670498</string>
				<string>EFF5DE221CB396BD00EAA108</string>
				<string>EFF5DE211CB396BD00EAA108</string>
				<string>EFF5DE231CB396BD00EAA108</string>
				<string>EFF5DE441CB3C22400EAA108</string>
				<string>EFC349C31CB4AAFC001FD0B4</string>
				<string>EFF5DE241CB396BD00EAA108</string>
				<string>EFF5DDE21CB35AC300EAA108</string>
				<string>EFC349C71CB4B1CE001FD0B4</string>
				<string>EF153B131CB5015200670498</string>
			</array>
			<key>isa</key>
			<string>PBXResourcesBuildPhase</string>
			<key>runOnlyForDeploymentPostprocessing</key>
			<string>0</string>
		</dict>
		<key>EFF5DDD81CB35AC300EAA108</key>
		<dict>
			<key>buildConfigurationList</key>
			<string>EFF5DE011CB35AC300EAA108</string>
			<key>buildPhases</key>
			<array>
				<string>24DA2BDA99403104BA561D9F</string>
				<string>EFF5DDD51CB35AC300EAA108</string>
				<string>EFF5DDD61CB35AC300EAA108</string>
				<string>EFF5DDD71CB35AC300EAA108</string>
				<string>12F550DC8F0B82A26B8BEC27</string>
				<string>5E6BC4C93BE9EF335A2B655C</string>
			</array>
			<key>buildRules</key>
			<array/>
			<key>dependencies</key>
			<array/>
			<key>isa</key>
			<string>PBXNativeTarget</string>
			<key>name</key>
			<string>MenTouGou</string>
			<key>productName</key>
			<string>MenTouGou</string>
			<key>productReference</key>
			<string>EFF5DDD91CB35AC300EAA108</string>
			<key>productType</key>
			<string>com.apple.product-type.application</string>
		</dict>
		<key>EFF5DDD91CB35AC300EAA108</key>
		<dict>
			<key>explicitFileType</key>
			<string>wrapper.application</string>
			<key>includeInIndex</key>
			<string>0</string>
			<key>isa</key>
			<string>PBXFileReference</string>
			<key>path</key>
			<string>MenTouGou.app</string>
			<key>sourceTree</key>
			<string>BUILT_PRODUCTS_DIR</string>
		</dict>
		<key>EFF5DDDA1CB35AC300EAA108</key>
		<dict>
			<key>children</key>
			<array>
				<string>EFF5DDD91CB35AC300EAA108</string>
				<string>EFF5DDED1CB35AC300EAA108</string>
				<string>EFF5DDF81CB35AC300EAA108</string>
			</array>
			<key>isa</key>
			<string>PBXGroup</string>
			<key>name</key>
			<string>Products</string>
			<key>sourceTree</key>
			<string>&lt;group&gt;</string>
		</dict>
		<key>EFF5DDDB1CB35AC300EAA108</key>
		<dict>
			<key>children</key>
			<array>
				<string>EFF5DE431CB3C22400EAA108</string>
				<string>EFF5DDDC1CB35AC300EAA108</string>
				<string>EFF5DE141CB35D5200EAA108</string>
				<string>EFF5DDE01CB35AC300EAA108</string>
				<string>EFF5DE181CB396BD00EAA108</string>
				<string>EFF5DE1E1CB396BD00EAA108</string>
				<string>EFF5DE161CB396BD00EAA108</string>
				<string>EFF5DE1C1CB396BD00EAA108</string>
				<string>EFF5DE1A1CB396BD00EAA108</string>
				<string>EFF5DE201CB396BD00EAA108</string>
				<string>EFF5DE381CB3B3F600EAA108</string>
				<string>EFF5DDE31CB35AC300EAA108</string>
				<string>EFF5DDE51CB35AC300EAA108</string>
				<string>EFF5DDE81CB35AC300EAA108</string>
			</array>
			<key>isa</key>
			<string>PBXGroup</string>
			<key>path</key>
			<string>MenTouGou</string>
			<key>sourceTree</key>
			<string>&lt;group&gt;</string>
		</dict>
		<key>EFF5DDDC1CB35AC300EAA108</key>
		<dict>
			<key>isa</key>
			<string>PBXFileReference</string>
			<key>lastKnownFileType</key>
			<string>sourcecode.swift</string>
			<key>path</key>
			<string>AppDelegate.swift</string>
			<key>sourceTree</key>
			<string>&lt;group&gt;</string>
		</dict>
		<key>EFF5DDDD1CB35AC300EAA108</key>
		<dict>
			<key>fileRef</key>
			<string>EFF5DDDC1CB35AC300EAA108</string>
			<key>isa</key>
			<string>PBXBuildFile</string>
		</dict>
		<key>EFF5DDE01CB35AC300EAA108</key>
		<dict>
			<key>children</key>
			<array>
				<string>EFF5DDE11CB35AC300EAA108</string>
			</array>
			<key>isa</key>
			<string>PBXVariantGroup</string>
			<key>name</key>
			<string>Main.storyboard</string>
			<key>sourceTree</key>
			<string>&lt;group&gt;</string>
		</dict>
		<key>EFF5DDE11CB35AC300EAA108</key>
		<dict>
			<key>isa</key>
			<string>PBXFileReference</string>
			<key>lastKnownFileType</key>
			<string>file.storyboard</string>
			<key>name</key>
			<string>Base</string>
			<key>path</key>
			<string>Base.lproj/Main.storyboard</string>
			<key>sourceTree</key>
			<string>&lt;group&gt;</string>
		</dict>
		<key>EFF5DDE21CB35AC300EAA108</key>
		<dict>
			<key>fileRef</key>
			<string>EFF5DDE01CB35AC300EAA108</string>
			<key>isa</key>
			<string>PBXBuildFile</string>
		</dict>
		<key>EFF5DDE31CB35AC300EAA108</key>
		<dict>
			<key>isa</key>
			<string>PBXFileReference</string>
			<key>lastKnownFileType</key>
			<string>folder.assetcatalog</string>
			<key>path</key>
			<string>Assets.xcassets</string>
			<key>sourceTree</key>
			<string>&lt;group&gt;</string>
		</dict>
		<key>EFF5DDE41CB35AC300EAA108</key>
		<dict>
			<key>fileRef</key>
			<string>EFF5DDE31CB35AC300EAA108</string>
			<key>isa</key>
			<string>PBXBuildFile</string>
		</dict>
		<key>EFF5DDE51CB35AC300EAA108</key>
		<dict>
			<key>children</key>
			<array>
				<string>EFF5DDE61CB35AC300EAA108</string>
			</array>
			<key>isa</key>
			<string>PBXVariantGroup</string>
			<key>name</key>
			<string>LaunchScreen.storyboard</string>
			<key>sourceTree</key>
			<string>&lt;group&gt;</string>
		</dict>
		<key>EFF5DDE61CB35AC300EAA108</key>
		<dict>
			<key>isa</key>
			<string>PBXFileReference</string>
			<key>lastKnownFileType</key>
			<string>file.storyboard</string>
			<key>name</key>
			<string>Base</string>
			<key>path</key>
			<string>Base.lproj/LaunchScreen.storyboard</string>
			<key>sourceTree</key>
			<string>&lt;group&gt;</string>
		</dict>
		<key>EFF5DDE71CB35AC300EAA108</key>
		<dict>
			<key>fileRef</key>
			<string>EFF5DDE51CB35AC300EAA108</string>
			<key>isa</key>
			<string>PBXBuildFile</string>
		</dict>
		<key>EFF5DDE81CB35AC300EAA108</key>
		<dict>
			<key>isa</key>
			<string>PBXFileReference</string>
			<key>lastKnownFileType</key>
			<string>text.plist.xml</string>
			<key>path</key>
			<string>Info.plist</string>
			<key>sourceTree</key>
			<string>&lt;group&gt;</string>
		</dict>
		<key>EFF5DDE91CB35AC300EAA108</key>
		<dict>
			<key>buildActionMask</key>
			<string>2147483647</string>
			<key>files</key>
			<array>
				<string>EFF5DDF21CB35AC300EAA108</string>
			</array>
			<key>isa</key>
			<string>PBXSourcesBuildPhase</string>
			<key>runOnlyForDeploymentPostprocessing</key>
			<string>0</string>
		</dict>
		<key>EFF5DDEA1CB35AC300EAA108</key>
		<dict>
			<key>buildActionMask</key>
			<string>2147483647</string>
			<key>files</key>
			<array/>
			<key>isa</key>
			<string>PBXFrameworksBuildPhase</string>
			<key>runOnlyForDeploymentPostprocessing</key>
			<string>0</string>
		</dict>
		<key>EFF5DDEB1CB35AC300EAA108</key>
		<dict>
			<key>buildActionMask</key>
			<string>2147483647</string>
			<key>files</key>
			<array/>
			<key>isa</key>
			<string>PBXResourcesBuildPhase</string>
			<key>runOnlyForDeploymentPostprocessing</key>
			<string>0</string>
		</dict>
		<key>EFF5DDEC1CB35AC300EAA108</key>
		<dict>
			<key>buildConfigurationList</key>
			<string>EFF5DE041CB35AC300EAA108</string>
			<key>buildPhases</key>
			<array>
				<string>EFF5DDE91CB35AC300EAA108</string>
				<string>EFF5DDEA1CB35AC300EAA108</string>
				<string>EFF5DDEB1CB35AC300EAA108</string>
			</array>
			<key>buildRules</key>
			<array/>
			<key>dependencies</key>
			<array>
				<string>EFF5DDEF1CB35AC300EAA108</string>
			</array>
			<key>isa</key>
			<string>PBXNativeTarget</string>
			<key>name</key>
			<string>MenTouGouTests</string>
			<key>productName</key>
			<string>MenTouGouTests</string>
			<key>productReference</key>
			<string>EFF5DDED1CB35AC300EAA108</string>
			<key>productType</key>
			<string>com.apple.product-type.bundle.unit-test</string>
		</dict>
		<key>EFF5DDED1CB35AC300EAA108</key>
		<dict>
			<key>explicitFileType</key>
			<string>wrapper.cfbundle</string>
			<key>includeInIndex</key>
			<string>0</string>
			<key>isa</key>
			<string>PBXFileReference</string>
			<key>path</key>
			<string>MenTouGouTests.xctest</string>
			<key>sourceTree</key>
			<string>BUILT_PRODUCTS_DIR</string>
		</dict>
		<key>EFF5DDEE1CB35AC300EAA108</key>
		<dict>
			<key>containerPortal</key>
			<string>EFF5DDD11CB35AC300EAA108</string>
			<key>isa</key>
			<string>PBXContainerItemProxy</string>
			<key>proxyType</key>
			<string>1</string>
			<key>remoteGlobalIDString</key>
			<string>EFF5DDD81CB35AC300EAA108</string>
			<key>remoteInfo</key>
			<string>MenTouGou</string>
		</dict>
		<key>EFF5DDEF1CB35AC300EAA108</key>
		<dict>
			<key>isa</key>
			<string>PBXTargetDependency</string>
			<key>target</key>
			<string>EFF5DDD81CB35AC300EAA108</string>
			<key>targetProxy</key>
			<string>EFF5DDEE1CB35AC300EAA108</string>
		</dict>
		<key>EFF5DDF01CB35AC300EAA108</key>
		<dict>
			<key>children</key>
			<array>
				<string>EFF5DDF11CB35AC300EAA108</string>
				<string>EFF5DDF31CB35AC300EAA108</string>
			</array>
			<key>isa</key>
			<string>PBXGroup</string>
			<key>path</key>
			<string>MenTouGouTests</string>
			<key>sourceTree</key>
			<string>&lt;group&gt;</string>
		</dict>
		<key>EFF5DDF11CB35AC300EAA108</key>
		<dict>
			<key>isa</key>
			<string>PBXFileReference</string>
			<key>lastKnownFileType</key>
			<string>sourcecode.swift</string>
			<key>path</key>
			<string>MenTouGouTests.swift</string>
			<key>sourceTree</key>
			<string>&lt;group&gt;</string>
		</dict>
		<key>EFF5DDF21CB35AC300EAA108</key>
		<dict>
			<key>fileRef</key>
			<string>EFF5DDF11CB35AC300EAA108</string>
			<key>isa</key>
			<string>PBXBuildFile</string>
		</dict>
		<key>EFF5DDF31CB35AC300EAA108</key>
		<dict>
			<key>isa</key>
			<string>PBXFileReference</string>
			<key>lastKnownFileType</key>
			<string>text.plist.xml</string>
			<key>path</key>
			<string>Info.plist</string>
			<key>sourceTree</key>
			<string>&lt;group&gt;</string>
		</dict>
		<key>EFF5DDF41CB35AC300EAA108</key>
		<dict>
			<key>buildActionMask</key>
			<string>2147483647</string>
			<key>files</key>
			<array>
				<string>EFF5DDFD1CB35AC300EAA108</string>
			</array>
			<key>isa</key>
			<string>PBXSourcesBuildPhase</string>
			<key>runOnlyForDeploymentPostprocessing</key>
			<string>0</string>
		</dict>
		<key>EFF5DDF51CB35AC300EAA108</key>
		<dict>
			<key>buildActionMask</key>
			<string>2147483647</string>
			<key>files</key>
			<array/>
			<key>isa</key>
			<string>PBXFrameworksBuildPhase</string>
			<key>runOnlyForDeploymentPostprocessing</key>
			<string>0</string>
		</dict>
		<key>EFF5DDF61CB35AC300EAA108</key>
		<dict>
			<key>buildActionMask</key>
			<string>2147483647</string>
			<key>files</key>
			<array/>
			<key>isa</key>
			<string>PBXResourcesBuildPhase</string>
			<key>runOnlyForDeploymentPostprocessing</key>
			<string>0</string>
		</dict>
		<key>EFF5DDF71CB35AC300EAA108</key>
		<dict>
			<key>buildConfigurationList</key>
			<string>EFF5DE071CB35AC300EAA108</string>
			<key>buildPhases</key>
			<array>
				<string>EFF5DDF41CB35AC300EAA108</string>
				<string>EFF5DDF51CB35AC300EAA108</string>
				<string>EFF5DDF61CB35AC300EAA108</string>
			</array>
			<key>buildRules</key>
			<array/>
			<key>dependencies</key>
			<array>
				<string>EFF5DDFA1CB35AC300EAA108</string>
			</array>
			<key>isa</key>
			<string>PBXNativeTarget</string>
			<key>name</key>
			<string>MenTouGouUITests</string>
			<key>productName</key>
			<string>MenTouGouUITests</string>
			<key>productReference</key>
			<string>EFF5DDF81CB35AC300EAA108</string>
			<key>productType</key>
			<string>com.apple.product-type.bundle.ui-testing</string>
		</dict>
		<key>EFF5DDF81CB35AC300EAA108</key>
		<dict>
			<key>explicitFileType</key>
			<string>wrapper.cfbundle</string>
			<key>includeInIndex</key>
			<string>0</string>
			<key>isa</key>
			<string>PBXFileReference</string>
			<key>path</key>
			<string>MenTouGouUITests.xctest</string>
			<key>sourceTree</key>
			<string>BUILT_PRODUCTS_DIR</string>
		</dict>
		<key>EFF5DDF91CB35AC300EAA108</key>
		<dict>
			<key>containerPortal</key>
			<string>EFF5DDD11CB35AC300EAA108</string>
			<key>isa</key>
			<string>PBXContainerItemProxy</string>
			<key>proxyType</key>
			<string>1</string>
			<key>remoteGlobalIDString</key>
			<string>EFF5DDD81CB35AC300EAA108</string>
			<key>remoteInfo</key>
			<string>MenTouGou</string>
		</dict>
		<key>EFF5DDFA1CB35AC300EAA108</key>
		<dict>
			<key>isa</key>
			<string>PBXTargetDependency</string>
			<key>target</key>
			<string>EFF5DDD81CB35AC300EAA108</string>
			<key>targetProxy</key>
			<string>EFF5DDF91CB35AC300EAA108</string>
		</dict>
		<key>EFF5DDFB1CB35AC300EAA108</key>
		<dict>
			<key>children</key>
			<array>
				<string>EFF5DDFC1CB35AC300EAA108</string>
				<string>EFF5DDFE1CB35AC300EAA108</string>
			</array>
			<key>isa</key>
			<string>PBXGroup</string>
			<key>path</key>
			<string>MenTouGouUITests</string>
			<key>sourceTree</key>
			<string>&lt;group&gt;</string>
		</dict>
		<key>EFF5DDFC1CB35AC300EAA108</key>
		<dict>
			<key>isa</key>
			<string>PBXFileReference</string>
			<key>lastKnownFileType</key>
			<string>sourcecode.swift</string>
			<key>path</key>
			<string>MenTouGouUITests.swift</string>
			<key>sourceTree</key>
			<string>&lt;group&gt;</string>
		</dict>
		<key>EFF5DDFD1CB35AC300EAA108</key>
		<dict>
			<key>fileRef</key>
			<string>EFF5DDFC1CB35AC300EAA108</string>
			<key>isa</key>
			<string>PBXBuildFile</string>
		</dict>
		<key>EFF5DDFE1CB35AC300EAA108</key>
		<dict>
			<key>isa</key>
			<string>PBXFileReference</string>
			<key>lastKnownFileType</key>
			<string>text.plist.xml</string>
			<key>path</key>
			<string>Info.plist</string>
			<key>sourceTree</key>
			<string>&lt;group&gt;</string>
		</dict>
		<key>EFF5DDFF1CB35AC300EAA108</key>
		<dict>
			<key>buildSettings</key>
			<dict>
				<key>ALWAYS_SEARCH_USER_PATHS</key>
				<string>NO</string>
				<key>CLANG_ANALYZER_NONNULL</key>
				<string>YES</string>
				<key>CLANG_CXX_LANGUAGE_STANDARD</key>
				<string>gnu++0x</string>
				<key>CLANG_CXX_LIBRARY</key>
				<string>libc++</string>
				<key>CLANG_ENABLE_MODULES</key>
				<string>YES</string>
				<key>CLANG_ENABLE_OBJC_ARC</key>
				<string>YES</string>
				<key>CLANG_WARN_BOOL_CONVERSION</key>
				<string>YES</string>
				<key>CLANG_WARN_CONSTANT_CONVERSION</key>
				<string>YES</string>
				<key>CLANG_WARN_DIRECT_OBJC_ISA_USAGE</key>
				<string>YES_ERROR</string>
				<key>CLANG_WARN_EMPTY_BODY</key>
				<string>YES</string>
				<key>CLANG_WARN_ENUM_CONVERSION</key>
				<string>YES</string>
				<key>CLANG_WARN_INT_CONVERSION</key>
				<string>YES</string>
				<key>CLANG_WARN_OBJC_ROOT_CLASS</key>
				<string>YES_ERROR</string>
				<key>CLANG_WARN_UNREACHABLE_CODE</key>
				<string>YES</string>
				<key>CLANG_WARN__DUPLICATE_METHOD_MATCH</key>
				<string>YES</string>
				<key>CODE_SIGN_IDENTITY[sdk=iphoneos*]</key>
				<string>iPhone Developer</string>
				<key>COPY_PHASE_STRIP</key>
				<string>NO</string>
				<key>DEBUG_INFORMATION_FORMAT</key>
				<string>dwarf</string>
				<key>ENABLE_STRICT_OBJC_MSGSEND</key>
				<string>YES</string>
				<key>ENABLE_TESTABILITY</key>
				<string>YES</string>
				<key>GCC_C_LANGUAGE_STANDARD</key>
				<string>gnu99</string>
				<key>GCC_DYNAMIC_NO_PIC</key>
				<string>NO</string>
				<key>GCC_NO_COMMON_BLOCKS</key>
				<string>YES</string>
				<key>GCC_OPTIMIZATION_LEVEL</key>
				<string>0</string>
				<key>GCC_PREPROCESSOR_DEFINITIONS</key>
				<array>
					<string>DEBUG=1</string>
					<string>$(inherited)</string>
				</array>
				<key>GCC_WARN_64_TO_32_BIT_CONVERSION</key>
				<string>YES</string>
				<key>GCC_WARN_ABOUT_RETURN_TYPE</key>
				<string>YES_ERROR</string>
				<key>GCC_WARN_UNDECLARED_SELECTOR</key>
				<string>YES</string>
				<key>GCC_WARN_UNINITIALIZED_AUTOS</key>
				<string>YES_AGGRESSIVE</string>
				<key>GCC_WARN_UNUSED_FUNCTION</key>
				<string>YES</string>
				<key>GCC_WARN_UNUSED_VARIABLE</key>
				<string>YES</string>
				<key>IPHONEOS_DEPLOYMENT_TARGET</key>
				<string>9.3</string>
				<key>MTL_ENABLE_DEBUG_INFO</key>
				<string>YES</string>
				<key>ONLY_ACTIVE_ARCH</key>
				<string>YES</string>
				<key>SDKROOT</key>
				<string>iphoneos</string>
				<key>SWIFT_OPTIMIZATION_LEVEL</key>
				<string>-Onone</string>
			</dict>
			<key>isa</key>
			<string>XCBuildConfiguration</string>
			<key>name</key>
			<string>Debug</string>
		</dict>
		<key>EFF5DE001CB35AC300EAA108</key>
		<dict>
			<key>buildSettings</key>
			<dict>
				<key>ALWAYS_SEARCH_USER_PATHS</key>
				<string>NO</string>
				<key>CLANG_ANALYZER_NONNULL</key>
				<string>YES</string>
				<key>CLANG_CXX_LANGUAGE_STANDARD</key>
				<string>gnu++0x</string>
				<key>CLANG_CXX_LIBRARY</key>
				<string>libc++</string>
				<key>CLANG_ENABLE_MODULES</key>
				<string>YES</string>
				<key>CLANG_ENABLE_OBJC_ARC</key>
				<string>YES</string>
				<key>CLANG_WARN_BOOL_CONVERSION</key>
				<string>YES</string>
				<key>CLANG_WARN_CONSTANT_CONVERSION</key>
				<string>YES</string>
				<key>CLANG_WARN_DIRECT_OBJC_ISA_USAGE</key>
				<string>YES_ERROR</string>
				<key>CLANG_WARN_EMPTY_BODY</key>
				<string>YES</string>
				<key>CLANG_WARN_ENUM_CONVERSION</key>
				<string>YES</string>
				<key>CLANG_WARN_INT_CONVERSION</key>
				<string>YES</string>
				<key>CLANG_WARN_OBJC_ROOT_CLASS</key>
				<string>YES_ERROR</string>
				<key>CLANG_WARN_UNREACHABLE_CODE</key>
				<string>YES</string>
				<key>CLANG_WARN__DUPLICATE_METHOD_MATCH</key>
				<string>YES</string>
				<key>CODE_SIGN_IDENTITY[sdk=iphoneos*]</key>
				<string>iPhone Developer</string>
				<key>COPY_PHASE_STRIP</key>
				<string>NO</string>
				<key>DEBUG_INFORMATION_FORMAT</key>
				<string>dwarf-with-dsym</string>
				<key>ENABLE_NS_ASSERTIONS</key>
				<string>NO</string>
				<key>ENABLE_STRICT_OBJC_MSGSEND</key>
				<string>YES</string>
				<key>GCC_C_LANGUAGE_STANDARD</key>
				<string>gnu99</string>
				<key>GCC_NO_COMMON_BLOCKS</key>
				<string>YES</string>
				<key>GCC_WARN_64_TO_32_BIT_CONVERSION</key>
				<string>YES</string>
				<key>GCC_WARN_ABOUT_RETURN_TYPE</key>
				<string>YES_ERROR</string>
				<key>GCC_WARN_UNDECLARED_SELECTOR</key>
				<string>YES</string>
				<key>GCC_WARN_UNINITIALIZED_AUTOS</key>
				<string>YES_AGGRESSIVE</string>
				<key>GCC_WARN_UNUSED_FUNCTION</key>
				<string>YES</string>
				<key>GCC_WARN_UNUSED_VARIABLE</key>
				<string>YES</string>
				<key>IPHONEOS_DEPLOYMENT_TARGET</key>
				<string>9.3</string>
				<key>MTL_ENABLE_DEBUG_INFO</key>
				<string>NO</string>
				<key>SDKROOT</key>
				<string>iphoneos</string>
				<key>VALIDATE_PRODUCT</key>
				<string>YES</string>
			</dict>
			<key>isa</key>
			<string>XCBuildConfiguration</string>
			<key>name</key>
			<string>Release</string>
		</dict>
		<key>EFF5DE011CB35AC300EAA108</key>
		<dict>
			<key>buildConfigurations</key>
			<array>
				<string>EFF5DE021CB35AC300EAA108</string>
				<string>EFF5DE031CB35AC300EAA108</string>
			</array>
			<key>defaultConfigurationIsVisible</key>
			<string>0</string>
			<key>defaultConfigurationName</key>
			<string>Release</string>
			<key>isa</key>
			<string>XCConfigurationList</string>
		</dict>
		<key>EFF5DE021CB35AC300EAA108</key>
		<dict>
			<key>baseConfigurationReference</key>
			<string>CDDBB6B4D935FCEEED713D50</string>
			<key>buildSettings</key>
			<dict>
				<key>ASSETCATALOG_COMPILER_APPICON_NAME</key>
				<string>AppIcon</string>
				<key>CLANG_ENABLE_MODULES</key>
				<string>YES</string>
				<key>INFOPLIST_FILE</key>
				<string>MenTouGou/Info.plist</string>
				<key>IPHONEOS_DEPLOYMENT_TARGET</key>
				<string>8.0</string>
				<key>LD_RUNPATH_SEARCH_PATHS</key>
				<string>$(inherited) @executable_path/Frameworks</string>
				<key>PRODUCT_BUNDLE_IDENTIFIER</key>
				<string>com.mtg.LeisureAgriculture</string>
				<key>PRODUCT_NAME</key>
				<string>$(TARGET_NAME)</string>
				<key>SWIFT_OBJC_BRIDGING_HEADER</key>
				<string>MenTouGou/LAB/MenTouGou-Bridging-Header.h</string>
				<key>SWIFT_OPTIMIZATION_LEVEL</key>
				<string>-Onone</string>
			</dict>
			<key>isa</key>
			<string>XCBuildConfiguration</string>
			<key>name</key>
			<string>Debug</string>
		</dict>
		<key>EFF5DE031CB35AC300EAA108</key>
		<dict>
			<key>baseConfigurationReference</key>
			<string>E6EE6E813722E612DE1814A4</string>
			<key>buildSettings</key>
			<dict>
				<key>ASSETCATALOG_COMPILER_APPICON_NAME</key>
				<string>AppIcon</string>
				<key>CLANG_ENABLE_MODULES</key>
				<string>YES</string>
				<key>INFOPLIST_FILE</key>
				<string>MenTouGou/Info.plist</string>
				<key>IPHONEOS_DEPLOYMENT_TARGET</key>
				<string>8.0</string>
				<key>LD_RUNPATH_SEARCH_PATHS</key>
				<string>$(inherited) @executable_path/Frameworks</string>
				<key>PRODUCT_BUNDLE_IDENTIFIER</key>
				<string>com.mtg.LeisureAgriculture</string>
				<key>PRODUCT_NAME</key>
				<string>$(TARGET_NAME)</string>
				<key>SWIFT_OBJC_BRIDGING_HEADER</key>
				<string>MenTouGou/LAB/MenTouGou-Bridging-Header.h</string>
			</dict>
			<key>isa</key>
			<string>XCBuildConfiguration</string>
			<key>name</key>
			<string>Release</string>
		</dict>
		<key>EFF5DE041CB35AC300EAA108</key>
		<dict>
			<key>buildConfigurations</key>
			<array>
				<string>EFF5DE051CB35AC300EAA108</string>
				<string>EFF5DE061CB35AC300EAA108</string>
			</array>
			<key>defaultConfigurationIsVisible</key>
			<string>0</string>
			<key>defaultConfigurationName</key>
			<string>Release</string>
			<key>isa</key>
			<string>XCConfigurationList</string>
		</dict>
		<key>EFF5DE051CB35AC300EAA108</key>
		<dict>
			<key>buildSettings</key>
			<dict>
				<key>BUNDLE_LOADER</key>
				<string>$(TEST_HOST)</string>
				<key>INFOPLIST_FILE</key>
				<string>MenTouGouTests/Info.plist</string>
				<key>LD_RUNPATH_SEARCH_PATHS</key>
				<string>$(inherited) @executable_path/Frameworks @loader_path/Frameworks</string>
				<key>PRODUCT_BUNDLE_IDENTIFIER</key>
				<string>com.yuanhao.MenTouGouTests</string>
				<key>PRODUCT_NAME</key>
				<string>$(TARGET_NAME)</string>
				<key>TEST_HOST</key>
				<string>$(BUILT_PRODUCTS_DIR)/MenTouGou.app/MenTouGou</string>
			</dict>
			<key>isa</key>
			<string>XCBuildConfiguration</string>
			<key>name</key>
			<string>Debug</string>
		</dict>
		<key>EFF5DE061CB35AC300EAA108</key>
		<dict>
			<key>buildSettings</key>
			<dict>
				<key>BUNDLE_LOADER</key>
				<string>$(TEST_HOST)</string>
				<key>INFOPLIST_FILE</key>
				<string>MenTouGouTests/Info.plist</string>
				<key>LD_RUNPATH_SEARCH_PATHS</key>
				<string>$(inherited) @executable_path/Frameworks @loader_path/Frameworks</string>
				<key>PRODUCT_BUNDLE_IDENTIFIER</key>
				<string>com.yuanhao.MenTouGouTests</string>
				<key>PRODUCT_NAME</key>
				<string>$(TARGET_NAME)</string>
				<key>TEST_HOST</key>
				<string>$(BUILT_PRODUCTS_DIR)/MenTouGou.app/MenTouGou</string>
			</dict>
			<key>isa</key>
			<string>XCBuildConfiguration</string>
			<key>name</key>
			<string>Release</string>
		</dict>
		<key>EFF5DE071CB35AC300EAA108</key>
		<dict>
			<key>buildConfigurations</key>
			<array>
				<string>EFF5DE081CB35AC300EAA108</string>
				<string>EFF5DE091CB35AC300EAA108</string>
			</array>
			<key>defaultConfigurationIsVisible</key>
			<string>0</string>
			<key>defaultConfigurationName</key>
			<string>Release</string>
			<key>isa</key>
			<string>XCConfigurationList</string>
		</dict>
		<key>EFF5DE081CB35AC300EAA108</key>
		<dict>
			<key>buildSettings</key>
			<dict>
				<key>INFOPLIST_FILE</key>
				<string>MenTouGouUITests/Info.plist</string>
				<key>LD_RUNPATH_SEARCH_PATHS</key>
				<string>$(inherited) @executable_path/Frameworks @loader_path/Frameworks</string>
				<key>PRODUCT_BUNDLE_IDENTIFIER</key>
				<string>com.yuanhao.MenTouGouUITests</string>
				<key>PRODUCT_NAME</key>
				<string>$(TARGET_NAME)</string>
				<key>TEST_TARGET_NAME</key>
				<string>MenTouGou</string>
			</dict>
			<key>isa</key>
			<string>XCBuildConfiguration</string>
			<key>name</key>
			<string>Debug</string>
		</dict>
		<key>EFF5DE091CB35AC300EAA108</key>
		<dict>
			<key>buildSettings</key>
			<dict>
				<key>INFOPLIST_FILE</key>
				<string>MenTouGouUITests/Info.plist</string>
				<key>LD_RUNPATH_SEARCH_PATHS</key>
				<string>$(inherited) @executable_path/Frameworks @loader_path/Frameworks</string>
				<key>PRODUCT_BUNDLE_IDENTIFIER</key>
				<string>com.yuanhao.MenTouGouUITests</string>
				<key>PRODUCT_NAME</key>
				<string>$(TARGET_NAME)</string>
				<key>TEST_TARGET_NAME</key>
				<string>MenTouGou</string>
			</dict>
			<key>isa</key>
			<string>XCBuildConfiguration</string>
			<key>name</key>
			<string>Release</string>
		</dict>
		<key>EFF5DE141CB35D5200EAA108</key>
		<dict>
			<key>fileEncoding</key>
			<string>4</string>
			<key>isa</key>
			<string>PBXFileReference</string>
			<key>lastKnownFileType</key>
			<string>sourcecode.swift</string>
			<key>path</key>
			<string>YHTabBarVC.swift</string>
			<key>sourceTree</key>
			<string>&lt;group&gt;</string>
		</dict>
		<key>EFF5DE151CB35D5200EAA108</key>
		<dict>
			<key>fileRef</key>
			<string>EFF5DE141CB35D5200EAA108</string>
			<key>isa</key>
			<string>PBXBuildFile</string>
		</dict>
		<key>EFF5DE161CB396BD00EAA108</key>
		<dict>
			<key>children</key>
			<array>
				<string>EFF5DE171CB396BD00EAA108</string>
				<string>EFF5DE321CB3B2FC00EAA108</string>
			</array>
			<key>isa</key>
			<string>PBXGroup</string>
			<key>path</key>
			<string>&#20135;&#21697;</string>
			<key>sourceTree</key>
			<string>&lt;group&gt;</string>
		</dict>
		<key>EFF5DE171CB396BD00EAA108</key>
		<dict>
			<key>fileEncoding</key>
			<string>4</string>
			<key>isa</key>
			<string>PBXFileReference</string>
			<key>lastKnownFileType</key>
			<string>file.storyboard</string>
			<key>path</key>
			<string>Product.storyboard</string>
			<key>sourceTree</key>
			<string>&lt;group&gt;</string>
		</dict>
		<key>EFF5DE181CB396BD00EAA108</key>
		<dict>
			<key>children</key>
			<array>
				<string>EFC349BC1CB4AA9B001FD0B4</string>
				<string>EFF5DE191CB396BD00EAA108</string>
				<string>EFF5DE2E1CB3B25700EAA108</string>
			</array>
			<key>isa</key>
			<string>PBXGroup</string>
			<key>path</key>
			<string>&#39318;&#39029;</string>
			<key>sourceTree</key>
			<string>&lt;group&gt;</string>
		</dict>
		<key>EFF5DE191CB396BD00EAA108</key>
		<dict>
			<key>fileEncoding</key>
			<string>4</string>
			<key>isa</key>
			<string>PBXFileReference</string>
			<key>lastKnownFileType</key>
			<string>file.storyboard</string>
			<key>path</key>
			<string>MainPage.storyboard</string>
			<key>sourceTree</key>
			<string>&lt;group&gt;</string>
		</dict>
		<key>EFF5DE1A1CB396BD00EAA108</key>
		<dict>
			<key>children</key>
			<array>
				<string>EF153B0C1CB4F22800670498</string>
				<string>EFF5DE1B1CB396BD00EAA108</string>
				<string>EFF5DE361CB3B31A00EAA108</string>
			</array>
			<key>isa</key>
			<string>PBXGroup</string>
			<key>path</key>
			<string>&#25105;</string>
			<key>sourceTree</key>
			<string>&lt;group&gt;</string>
		</dict>
		<key>EFF5DE1B1CB396BD00EAA108</key>
		<dict>
			<key>fileEncoding</key>
			<string>4</string>
			<key>isa</key>
			<string>PBXFileReference</string>
			<key>lastKnownFileType</key>
			<string>file.storyboard</string>
			<key>path</key>
			<string>MyHomePage.storyboard</string>
			<key>sourceTree</key>
			<string>&lt;group&gt;</string>
		</dict>
		<key>EFF5DE1C1CB396BD00EAA108</key>
		<dict>
			<key>children</key>
			<array>
				<string>EFF5DE1D1CB396BD00EAA108</string>
				<string>EFF5DE341CB3B30A00EAA108</string>
			</array>
			<key>isa</key>
			<string>PBXGroup</string>
			<key>path</key>
			<string>&#21608;&#36793;</string>
			<key>sourceTree</key>
			<string>&lt;group&gt;</string>
		</dict>
		<key>EFF5DE1D1CB396BD00EAA108</key>
		<dict>
			<key>fileEncoding</key>
			<string>4</string>
			<key>isa</key>
			<string>PBXFileReference</string>
			<key>lastKnownFileType</key>
			<string>file.storyboard</string>
			<key>path</key>
			<string>Around.storyboard</string>
			<key>sourceTree</key>
			<string>&lt;group&gt;</string>
		</dict>
		<key>EFF5DE1E1CB396BD00EAA108</key>
		<dict>
			<key>children</key>
			<array>
				<string>EFF5DE1F1CB396BD00EAA108</string>
				<string>EFF5DE301CB3B2ED00EAA108</string>
			</array>
			<key>isa</key>
			<string>PBXGroup</string>
			<key>path</key>
			<string>&#36164;&#35759;</string>
			<key>sourceTree</key>
			<string>&lt;group&gt;</string>
		</dict>
		<key>EFF5DE1F1CB396BD00EAA108</key>
		<dict>
			<key>fileEncoding</key>
			<string>4</string>
			<key>isa</key>
			<string>PBXFileReference</string>
			<key>lastKnownFileType</key>
			<string>file.storyboard</string>
			<key>path</key>
			<string>Infomation.storyboard</string>
			<key>sourceTree</key>
			<string>&lt;group&gt;</string>
		</dict>
		<key>EFF5DE201CB396BD00EAA108</key>
		<dict>
			<key>children</key>
			<array>
				<string>EFF5DE2A1CB398F800EAA108</string>
				<string>EFF5DE411CB3B8EB00EAA108</string>
				<string>EFF028541CB65C8300AEFD03</string>
				<string>EFCBF4FD1CB74F3E0068F466</string>
			</array>
			<key>isa</key>
			<string>PBXGroup</string>
			<key>path</key>
			<string>Utils</string>
			<key>sourceTree</key>
			<string>&lt;group&gt;</string>
		</dict>
		<key>EFF5DE211CB396BD00EAA108</key>
		<dict>
			<key>fileRef</key>
			<string>EFF5DE171CB396BD00EAA108</string>
			<key>isa</key>
			<string>PBXBuildFile</string>
		</dict>
		<key>EFF5DE221CB396BD00EAA108</key>
		<dict>
			<key>fileRef</key>
			<string>EFF5DE191CB396BD00EAA108</string>
			<key>isa</key>
			<string>PBXBuildFile</string>
		</dict>
		<key>EFF5DE231CB396BD00EAA108</key>
		<dict>
			<key>fileRef</key>
			<string>EFF5DE1B1CB396BD00EAA108</string>
			<key>isa</key>
			<string>PBXBuildFile</string>
		</dict>
		<key>EFF5DE241CB396BD00EAA108</key>
		<dict>
			<key>fileRef</key>
			<string>EFF5DE1D1CB396BD00EAA108</string>
			<key>isa</key>
			<string>PBXBuildFile</string>
		</dict>
		<key>EFF5DE251CB396BD00EAA108</key>
		<dict>
			<key>fileRef</key>
			<string>EFF5DE1F1CB396BD00EAA108</string>
			<key>isa</key>
			<string>PBXBuildFile</string>
		</dict>
		<key>EFF5DE2A1CB398F800EAA108</key>
		<dict>
			<key>fileEncoding</key>
			<string>4</string>
			<key>isa</key>
			<string>PBXFileReference</string>
			<key>lastKnownFileType</key>
			<string>sourcecode.swift</string>
			<key>path</key>
			<string>UIColor+Utils.swift</string>
			<key>sourceTree</key>
			<string>&lt;group&gt;</string>
		</dict>
		<key>EFF5DE2B1CB398F800EAA108</key>
		<dict>
			<key>fileRef</key>
			<string>EFF5DE2A1CB398F800EAA108</string>
			<key>isa</key>
			<string>PBXBuildFile</string>
		</dict>
		<key>EFF5DE2E1CB3B25700EAA108</key>
		<dict>
			<key>fileEncoding</key>
			<string>4</string>
			<key>isa</key>
			<string>PBXFileReference</string>
			<key>lastKnownFileType</key>
			<string>sourcecode.swift</string>
			<key>path</key>
			<string>MainPageVC.swift</string>
			<key>sourceTree</key>
			<string>&lt;group&gt;</string>
		</dict>
		<key>EFF5DE2F1CB3B25700EAA108</key>
		<dict>
			<key>fileRef</key>
			<string>EFF5DE2E1CB3B25700EAA108</string>
			<key>isa</key>
			<string>PBXBuildFile</string>
		</dict>
		<key>EFF5DE301CB3B2ED00EAA108</key>
		<dict>
			<key>fileEncoding</key>
			<string>4</string>
			<key>isa</key>
			<string>PBXFileReference</string>
			<key>lastKnownFileType</key>
			<string>sourcecode.swift</string>
			<key>path</key>
			<string>InfomationVC.swift</string>
			<key>sourceTree</key>
			<string>&lt;group&gt;</string>
		</dict>
		<key>EFF5DE311CB3B2ED00EAA108</key>
		<dict>
			<key>fileRef</key>
			<string>EFF5DE301CB3B2ED00EAA108</string>
			<key>isa</key>
			<string>PBXBuildFile</string>
		</dict>
		<key>EFF5DE321CB3B2FC00EAA108</key>
		<dict>
			<key>fileEncoding</key>
			<string>4</string>
			<key>isa</key>
			<string>PBXFileReference</string>
			<key>lastKnownFileType</key>
			<string>sourcecode.swift</string>
			<key>path</key>
			<string>ProductVC.swift</string>
			<key>sourceTree</key>
			<string>&lt;group&gt;</string>
		</dict>
		<key>EFF5DE331CB3B2FC00EAA108</key>
		<dict>
			<key>fileRef</key>
			<string>EFF5DE321CB3B2FC00EAA108</string>
			<key>isa</key>
			<string>PBXBuildFile</string>
		</dict>
		<key>EFF5DE341CB3B30A00EAA108</key>
		<dict>
			<key>fileEncoding</key>
			<string>4</string>
			<key>isa</key>
			<string>PBXFileReference</string>
			<key>lastKnownFileType</key>
			<string>sourcecode.swift</string>
			<key>path</key>
			<string>AroundVC.swift</string>
			<key>sourceTree</key>
			<string>&lt;group&gt;</string>
		</dict>
		<key>EFF5DE351CB3B30A00EAA108</key>
		<dict>
			<key>fileRef</key>
			<string>EFF5DE341CB3B30A00EAA108</string>
			<key>isa</key>
			<string>PBXBuildFile</string>
		</dict>
		<key>EFF5DE361CB3B31A00EAA108</key>
		<dict>
			<key>fileEncoding</key>
			<string>4</string>
			<key>isa</key>
			<string>PBXFileReference</string>
			<key>lastKnownFileType</key>
			<string>sourcecode.swift</string>
			<key>path</key>
			<string>MyHomePageVC.swift</string>
			<key>sourceTree</key>
			<string>&lt;group&gt;</string>
		</dict>
		<key>EFF5DE371CB3B31A00EAA108</key>
		<dict>
			<key>fileRef</key>
			<string>EFF5DE361CB3B31A00EAA108</string>
			<key>isa</key>
			<string>PBXBuildFile</string>
		</dict>
		<key>EFF5DE381CB3B3F600EAA108</key>
		<dict>
			<key>children</key>
			<array>
				<string>EFF5DE391CB3B41200EAA108</string>
				<string>EFF5DE401CB3B57900EAA108</string>
			</array>
			<key>isa</key>
			<string>PBXGroup</string>
			<key>path</key>
			<string>LAB</string>
			<key>sourceTree</key>
			<string>&lt;group&gt;</string>
		</dict>
		<key>EFF5DE391CB3B41200EAA108</key>
		<dict>
			<key>isa</key>
			<string>PBXFileReference</string>
			<key>lastKnownFileType</key>
			<string>sourcecode.c.h</string>
			<key>path</key>
			<string>MenTouGou-Bridging-Header.h</string>
			<key>sourceTree</key>
			<string>&lt;group&gt;</string>
		</dict>
		<key>EFF5DE3D1CB3B57100EAA108</key>
		<dict>
			<key>fileEncoding</key>
			<string>4</string>
			<key>isa</key>
			<string>PBXFileReference</string>
			<key>lastKnownFileType</key>
			<string>sourcecode.c.objc</string>
			<key>path</key>
			<string>NewCarouselVC.m</string>
			<key>sourceTree</key>
			<string>&lt;group&gt;</string>
		</dict>
		<key>EFF5DE3E1CB3B57100EAA108</key>
		<dict>
			<key>fileEncoding</key>
			<string>4</string>
			<key>isa</key>
			<string>PBXFileReference</string>
			<key>lastKnownFileType</key>
			<string>sourcecode.c.h</string>
			<key>path</key>
			<string>NewCarouselVC.h</string>
			<key>sourceTree</key>
			<string>&lt;group&gt;</string>
		</dict>
		<key>EFF5DE3F1CB3B57100EAA108</key>
		<dict>
			<key>fileRef</key>
			<string>EFF5DE3D1CB3B57100EAA108</string>
			<key>isa</key>
			<string>PBXBuildFile</string>
		</dict>
		<key>EFF5DE401CB3B57900EAA108</key>
		<dict>
			<key>children</key>
			<array>
				<string>EFF5DE3D1CB3B57100EAA108</string>
				<string>EFF5DE3E1CB3B57100EAA108</string>
			</array>
			<key>isa</key>
			<string>PBXGroup</string>
			<key>name</key>
			<string>&#36718;&#25773;&#22270;</string>
			<key>sourceTree</key>
			<string>&lt;group&gt;</string>
		</dict>
		<key>EFF5DE411CB3B8EB00EAA108</key>
		<dict>
			<key>fileEncoding</key>
			<string>4</string>
			<key>isa</key>
			<string>PBXFileReference</string>
			<key>lastKnownFileType</key>
			<string>sourcecode.swift</string>
			<key>path</key>
			<string>Utils.swift</string>
			<key>sourceTree</key>
			<string>&lt;group&gt;</string>
		</dict>
		<key>EFF5DE421CB3B8EB00EAA108</key>
		<dict>
			<key>fileRef</key>
			<string>EFF5DE411CB3B8EB00EAA108</string>
			<key>isa</key>
			<string>PBXBuildFile</string>
		</dict>
		<key>EFF5DE431CB3C22400EAA108</key>
		<dict>
			<key>isa</key>
			<string>PBXFileReference</string>
			<key>lastKnownFileType</key>
			<string>image.jpeg</string>
			<key>path</key>
			<string>1.jpg</string>
			<key>sourceTree</key>
			<string>&lt;group&gt;</string>
		</dict>
		<key>EFF5DE441CB3C22400EAA108</key>
		<dict>
			<key>fileRef</key>
			<string>EFF5DE431CB3C22400EAA108</string>
			<key>isa</key>
			<string>PBXBuildFile</string>
		</dict>
	</dict>
	<key>rootObject</key>
	<string>EFF5DDD11CB35AC300EAA108</string>
</dict>
</plist>
